
Microsoft Visual Studio Solution File, Format Version 12.00
# Visual Studio Version 17
VisualStudioVersion = 17.5.2.0
MinimumVisualStudioVersion = 10.0.40219.1
Project("{FAE04EC0-301F-11D3-BF4B-00C04F79EFBC}") = "StepperMotorApp", "StepperMotorApp\StepperMotorApp.csproj", "{9E4C2936-D93B-650A-029D-2A79E5AAA653}"
EndProject
Project("{FAE04EC0-301F-11D3-BF4B-00C04F79EFBC}") = "RgbLedWeb", "RgbLedWeb\RgbLedWeb.csproj", "{78C424C6-66CC-4A48-B56B-3267FF883DA8}"
EndProject
Project("{FAE04EC0-301F-11D3-BF4B-00C04F79EFBC}") = "Dht11", "Dht11\Dht11.csproj", "{0AD17598-FE10-4A75-892C-F5886935E9ED}"
EndProject
Global
	GlobalSection(SolutionConfigurationPlatforms) = preSolution
		Debug|Any CPU = Debug|Any CPU
		Debug|x64 = Debug|x64
		Debug|x86 = Debug|x86
		Release|Any CPU = Release|Any CPU
		Release|x64 = Release|x64
		Release|x86 = Release|x86
	EndGlobalSection
	GlobalSection(ProjectConfigurationPlatforms) = postSolution
		{9E4C2936-D93B-650A-029D-2A79E5AAA653}.Debug|Any CPU.ActiveCfg = Debug|Any CPU
		{9E4C2936-D93B-650A-029D-2A79E5AAA653}.Debug|Any CPU.Build.0 = Debug|Any CPU
		{9E4C2936-D93B-650A-029D-2A79E5AAA653}.Debug|x64.ActiveCfg = Debug|Any CPU
		{9E4C2936-D93B-650A-029D-2A79E5AAA653}.Debug|x64.Build.0 = Debug|Any CPU
		{9E4C2936-D93B-650A-029D-2A79E5AAA653}.Debug|x86.ActiveCfg = Debug|Any CPU
		{9E4C2936-D93B-650A-029D-2A79E5AAA653}.Debug|x86.Build.0 = Debug|Any CPU
		{9E4C2936-D93B-650A-029D-2A79E5AAA653}.Release|Any CPU.ActiveCfg = Release|Any CPU
		{9E4C2936-D93B-650A-029D-2A79E5AAA653}.Release|Any CPU.Build.0 = Release|Any CPU
		{9E4C2936-D93B-650A-029D-2A79E5AAA653}.Release|x64.ActiveCfg = Release|Any CPU
		{9E4C2936-D93B-650A-029D-2A79E5AAA653}.Release|x64.Build.0 = Release|Any CPU
		{9E4C2936-D93B-650A-029D-2A79E5AAA653}.Release|x86.ActiveCfg = Release|Any CPU
		{9E4C2936-D93B-650A-029D-2A79E5AAA653}.Release|x86.Build.0 = Release|Any CPU
		{78C424C6-66CC-4A48-B56B-3267FF883DA8}.Debug|Any CPU.ActiveCfg = Debug|Any CPU
		{78C424C6-66CC-4A48-B56B-3267FF883DA8}.Debug|Any CPU.Build.0 = Debug|Any CPU
		{78C424C6-66CC-4A48-B56B-3267FF883DA8}.Debug|x64.ActiveCfg = Debug|Any CPU
		{78C424C6-66CC-4A48-B56B-3267FF883DA8}.Debug|x64.Build.0 = Debug|Any CPU
		{78C424C6-66CC-4A48-B56B-3267FF883DA8}.Debug|x86.ActiveCfg = Debug|Any CPU
		{78C424C6-66CC-4A48-B56B-3267FF883DA8}.Debug|x86.Build.0 = Debug|Any CPU
		{78C424C6-66CC-4A48-B56B-3267FF883DA8}.Release|Any CPU.ActiveCfg = Release|Any CPU
		{78C424C6-66CC-4A48-B56B-3267FF883DA8}.Release|Any CPU.Build.0 = Release|Any CPU
		{78C424C6-66CC-4A48-B56B-3267FF883DA8}.Release|x64.ActiveCfg = Release|Any CPU
		{78C424C6-66CC-4A48-B56B-3267FF883DA8}.Release|x64.Build.0 = Release|Any CPU
		{78C424C6-66CC-4A48-B56B-3267FF883DA8}.Release|x86.ActiveCfg = Release|Any CPU
		{78C424C6-66CC-4A48-B56B-3267FF883DA8}.Release|x86.Build.0 = Release|Any CPU
		{0AD17598-FE10-4A75-892C-F5886935E9ED}.Debug|Any CPU.ActiveCfg = Debug|Any CPU
		{0AD17598-FE10-4A75-892C-F5886935E9ED}.Debug|Any CPU.Build.0 = Debug|Any CPU
		{0AD17598-FE10-4A75-892C-F5886935E9ED}.Debug|x64.ActiveCfg = Debug|Any CPU
		{0AD17598-FE10-4A75-892C-F5886935E9ED}.Debug|x64.Build.0 = Debug|Any CPU
		{0AD17598-FE10-4A75-892C-F5886935E9ED}.Debug|x86.ActiveCfg = Debug|Any CPU
		{0AD17598-FE10-4A75-892C-F5886935E9ED}.Debug|x86.Build.0 = Debug|Any CPU
		{0AD17598-FE10-4A75-892C-F5886935E9ED}.Release|Any CPU.ActiveCfg = Release|Any CPU
		{0AD17598-FE10-4A75-892C-F5886935E9ED}.Release|Any CPU.Build.0 = Release|Any CPU
		{0AD17598-FE10-4A75-892C-F5886935E9ED}.Release|x64.ActiveCfg = Release|Any CPU
		{0AD17598-FE10-4A75-892C-F5886935E9ED}.Release|x64.Build.0 = Release|Any CPU
		{0AD17598-FE10-4A75-892C-F5886935E9ED}.Release|x86.ActiveCfg = Release|Any CPU
		{0AD17598-FE10-4A75-892C-F5886935E9ED}.Release|x86.Build.0 = Release|Any CPU
	EndGlobalSection
	GlobalSection(SolutionProperties) = preSolution
		HideSolutionNode = FALSE
	EndGlobalSection
	GlobalSection(ExtensibilityGlobals) = postSolution
		SolutionGuid = {6817EDBB-EAA6-47E2-A215-CBED3DA1782A}
	EndGlobalSection
EndGlobal
